
Microsoft Visual Studio Solution File, Format Version 12.00
# Visual Studio Version 16
VisualStudioVersion = 16.0.29905.134
MinimumVisualStudioVersion = 10.0.40219.1
Project("{FAE04EC0-301F-11D3-BF4B-00C04F79EFBC}") = "Lab_3_1_", "Lab_3_1_.csproj", "{AFC29671-F0C1-42EE-9AEC-6363DC79C176}"
EndProject
Global
	GlobalSection(SolutionConfigurationPlatforms) = preSolution
		Debug|Any CPU = Debug|Any CPU
		Release|Any CPU = Release|Any CPU
	EndGlobalSection
	GlobalSection(ProjectConfigurationPlatforms) = postSolution
		{AFC29671-F0C1-42EE-9AEC-6363DC79C176}.Debug|Any CPU.ActiveCfg = Debug|Any CPU
		{AFC29671-F0C1-42EE-9AEC-6363DC79C176}.Debug|Any CPU.Build.0 = Debug|Any CPU
		{AFC29671-F0C1-42EE-9AEC-6363DC79C176}.Release|Any CPU.ActiveCfg = Release|Any CPU
		{AFC29671-F0C1-42EE-9AEC-6363DC79C176}.Release|Any CPU.Build.0 = Release|Any CPU
	EndGlobalSection
	GlobalSection(SolutionProperties) = preSolution
		HideSolutionNode = FALSE
	EndGlobalSection
	GlobalSection(ExtensibilityGlobals) = postSolution
		SolutionGuid = {E5BD7714-AA19-4F02-99E3-05FA1D8E107B}
	EndGlobalSection
EndGlobal
